// !$*UTF8*$!
{
	archiveVersion = 1;
	classes = {
	};
	objectVersion = 55;
	objects = {

/* Begin PBXBuildFile section */
		9E70DE5427095CC2006791F5 /* SheeKit.framework in Frameworks */ = {isa = PBXBuildFile; fileRef = 9E70DE4C27095CC2006791F5 /* SheeKit.framework */; };
		9E70DE5527095CC2006791F5 /* SheeKit.framework in Embed Frameworks */ = {isa = PBXBuildFile; fileRef = 9E70DE4C27095CC2006791F5 /* SheeKit.framework */; settings = {ATTRIBUTES = (CodeSignOnCopy, RemoveHeadersOnCopy, ); }; };
		9E70DE6427095CE3006791F5 /* SheeKit.h in Headers */ = {isa = PBXBuildFile; fileRef = 9E70DE5A27095CE3006791F5 /* SheeKit.h */; settings = {ATTRIBUTES = (Public, ); }; };
		9E70DE6527095CE3006791F5 /* SheetModifier.swift in Sources */ = {isa = PBXBuildFile; fileRef = 9E70DE5B27095CE3006791F5 /* SheetModifier.swift */; };
		9E70DE6627095CE3006791F5 /* SheeKit.docc in Sources */ = {isa = PBXBuildFile; fileRef = 9E70DE5C27095CE3006791F5 /* SheeKit.docc */; };
		9E70DE6727095CE3006791F5 /* Extensions.swift in Sources */ = {isa = PBXBuildFile; fileRef = 9E70DE5D27095CE3006791F5 /* Extensions.swift */; };
		9E70DE6827095CE3006791F5 /* SheetProperties.swift in Sources */ = {isa = PBXBuildFile; fileRef = 9E70DE5E27095CE3006791F5 /* SheetProperties.swift */; };
		9E70DE6927095CE3006791F5 /* UIViewControllerProxy.swift in Sources */ = {isa = PBXBuildFile; fileRef = 9E70DE5F27095CE3006791F5 /* UIViewControllerProxy.swift */; };
		9E70DE6A27095CE3006791F5 /* ModalPresentationStyle.swift in Sources */ = {isa = PBXBuildFile; fileRef = 9E70DE6027095CE3006791F5 /* ModalPresentationStyle.swift */; };
		9E70DE6B27095CE3006791F5 /* SheetHostingController.swift in Sources */ = {isa = PBXBuildFile; fileRef = 9E70DE6127095CE3006791F5 /* SheetHostingController.swift */; };
		9E70DE6C27095CE3006791F5 /* SheetPresenterController.swift in Sources */ = {isa = PBXBuildFile; fileRef = 9E70DE6227095CE3006791F5 /* SheetPresenterController.swift */; };
		9E70DE6D27095CE3006791F5 /* AdaptiveDelegate.swift in Sources */ = {isa = PBXBuildFile; fileRef = 9E70DE6327095CE3006791F5 /* AdaptiveDelegate.swift */; };
		9E70DE6F27098B2F006791F5 /* SheeTestCase.swift in Sources */ = {isa = PBXBuildFile; fileRef = 9E70DE6E27098B2F006791F5 /* SheeTestCase.swift */; };
		9E70DE712709A05A006791F5 /* SheeKit.framework in Frameworks */ = {isa = PBXBuildFile; fileRef = 9E70DE4C27095CC2006791F5 /* SheeKit.framework */; };
		9E70DE722709A05A006791F5 /* SheeKit.framework in Embed Frameworks */ = {isa = PBXBuildFile; fileRef = 9E70DE4C27095CC2006791F5 /* SheeKit.framework */; settings = {ATTRIBUTES = (CodeSignOnCopy, RemoveHeadersOnCopy, ); }; };
		9ED1C9752707E15300EB5051 /* Extensions.swift in Sources */ = {isa = PBXBuildFile; fileRef = 9ED1C9512707E14800EB5051 /* Extensions.swift */; };
		9ED1C9762707E15300EB5051 /* UpdatablePresentationPropertiesView.swift in Sources */ = {isa = PBXBuildFile; fileRef = 9ED1C9522707E14800EB5051 /* UpdatablePresentationPropertiesView.swift */; };
		9ED1C9772707E15300EB5051 /* InitialPresentationPropertiesView.swift in Sources */ = {isa = PBXBuildFile; fileRef = 9ED1C94B2707E14800EB5051 /* InitialPresentationPropertiesView.swift */; };
		9ED1C9782707E15300EB5051 /* Assets.xcassets in Resources */ = {isa = PBXBuildFile; fileRef = 9ED1C94D2707E14800EB5051 /* Assets.xcassets */; };
		9ED1C9792707E15300EB5051 /* RootView.swift in Sources */ = {isa = PBXBuildFile; fileRef = 9ED1C94E2707E14800EB5051 /* RootView.swift */; };
		9ED1C97A2707E15300EB5051 /* Theme.swift in Sources */ = {isa = PBXBuildFile; fileRef = 9ED1C9542707E14800EB5051 /* Theme.swift */; };
		9ED1C97B2707E15300EB5051 /* PreferredContentSizeView.swift in Sources */ = {isa = PBXBuildFile; fileRef = 9ED1C9532707E14800EB5051 /* PreferredContentSizeView.swift */; };
		9ED1C97C2707E15300EB5051 /* SheeKitDemoApp.swift in Sources */ = {isa = PBXBuildFile; fileRef = 9ED1C9552707E14800EB5051 /* SheeKitDemoApp.swift */; };
		9ED1C97D2707E15300EB5051 /* SheetContentView.swift in Sources */ = {isa = PBXBuildFile; fileRef = 9ED1C94C2707E14800EB5051 /* SheetContentView.swift */; };
		9ED1C97E2707E15900EB5051 /* Preview Assets.xcassets in Resources */ = {isa = PBXBuildFile; fileRef = 9ED1C9502707E14800EB5051 /* Preview Assets.xcassets */; };
		9ED1C9862708056600EB5051 /* Utils.swift in Sources */ = {isa = PBXBuildFile; fileRef = 9ED1C9852708056600EB5051 /* Utils.swift */; };
		9ED1C98C2708057B00EB5051 /* Assets.xcassets in Resources */ = {isa = PBXBuildFile; fileRef = 9ED1C9882708057B00EB5051 /* Assets.xcassets */; };
		9ED1C98D2708057B00EB5051 /* Preview Assets.xcassets in Resources */ = {isa = PBXBuildFile; fileRef = 9ED1C98A2708057B00EB5051 /* Preview Assets.xcassets */; };
		9ED1C98E2708057B00EB5051 /* CustomSheetTestsHostApp.swift in Sources */ = {isa = PBXBuildFile; fileRef = 9ED1C98B2708057B00EB5051 /* CustomSheetTestsHostApp.swift */; };
/* End PBXBuildFile section */

/* Begin PBXContainerItemProxy section */
		9E30B3F4270407F5009F4C51 /* PBXContainerItemProxy */ = {
			isa = PBXContainerItemProxy;
			containerPortal = 9E30B3792703958B009F4C51 /* Project object */;
			proxyType = 1;
			remoteGlobalIDString = 9E30B3B827039602009F4C51;
			remoteInfo = SheeKitTestsHost;
		};
		9E70DE5227095CC2006791F5 /* PBXContainerItemProxy */ = {
			isa = PBXContainerItemProxy;
			containerPortal = 9E30B3792703958B009F4C51 /* Project object */;
			proxyType = 1;
			remoteGlobalIDString = 9E70DE4B27095CC2006791F5;
			remoteInfo = SheeKit;
		};
		9E70DE732709A05A006791F5 /* PBXContainerItemProxy */ = {
			isa = PBXContainerItemProxy;
			containerPortal = 9E30B3792703958B009F4C51 /* Project object */;
			proxyType = 1;
			remoteGlobalIDString = 9E70DE4B27095CC2006791F5;
			remoteInfo = SheeKit;
		};
/* End PBXContainerItemProxy section */

/* Begin PBXCopyFilesBuildPhase section */
		9E30B3EB270406FF009F4C51 /* Embed Frameworks */ = {
			isa = PBXCopyFilesBuildPhase;
			buildActionMask = 2147483647;
			dstPath = "";
			dstSubfolderSpec = 10;
			files = (
				9E70DE5527095CC2006791F5 /* SheeKit.framework in Embed Frameworks */,
			);
			name = "Embed Frameworks";
			runOnlyForDeploymentPostprocessing = 0;
		};
		9E30B3FA27040801009F4C51 /* Embed Frameworks */ = {
			isa = PBXCopyFilesBuildPhase;
			buildActionMask = 2147483647;
			dstPath = "";
			dstSubfolderSpec = 10;
			files = (
				9E70DE722709A05A006791F5 /* SheeKit.framework in Embed Frameworks */,
			);
			name = "Embed Frameworks";
			runOnlyForDeploymentPostprocessing = 0;
		};
/* End PBXCopyFilesBuildPhase section */

/* Begin PBXFileReference section */
		9E30B3A7270395E9009F4C51 /* SheeKitDemo.app */ = {isa = PBXFileReference; explicitFileType = wrapper.application; includeInIndex = 0; path = SheeKitDemo.app; sourceTree = BUILT_PRODUCTS_DIR; };
		9E30B3B927039602009F4C51 /* SheeKitTestsHost.app */ = {isa = PBXFileReference; explicitFileType = wrapper.application; includeInIndex = 0; path = SheeKitTestsHost.app; sourceTree = BUILT_PRODUCTS_DIR; };
		9E30B3CB2703961A009F4C51 /* SheeKitTests.xctest */ = {isa = PBXFileReference; explicitFileType = wrapper.cfbundle; includeInIndex = 0; path = SheeKitTests.xctest; sourceTree = BUILT_PRODUCTS_DIR; };
		9E70DE4C27095CC2006791F5 /* SheeKit.framework */ = {isa = PBXFileReference; explicitFileType = wrapper.framework; includeInIndex = 0; path = SheeKit.framework; sourceTree = BUILT_PRODUCTS_DIR; };
		9E70DE5A27095CE3006791F5 /* SheeKit.h */ = {isa = PBXFileReference; fileEncoding = 4; lastKnownFileType = sourcecode.c.h; path = SheeKit.h; sourceTree = "<group>"; };
		9E70DE5B27095CE3006791F5 /* SheetModifier.swift */ = {isa = PBXFileReference; fileEncoding = 4; lastKnownFileType = sourcecode.swift; path = SheetModifier.swift; sourceTree = "<group>"; };
		9E70DE5C27095CE3006791F5 /* SheeKit.docc */ = {isa = PBXFileReference; lastKnownFileType = folder.documentationcatalog; path = SheeKit.docc; sourceTree = "<group>"; };
		9E70DE5D27095CE3006791F5 /* Extensions.swift */ = {isa = PBXFileReference; fileEncoding = 4; lastKnownFileType = sourcecode.swift; path = Extensions.swift; sourceTree = "<group>"; };
		9E70DE5E27095CE3006791F5 /* SheetProperties.swift */ = {isa = PBXFileReference; fileEncoding = 4; lastKnownFileType = sourcecode.swift; path = SheetProperties.swift; sourceTree = "<group>"; };
		9E70DE5F27095CE3006791F5 /* UIViewControllerProxy.swift */ = {isa = PBXFileReference; fileEncoding = 4; lastKnownFileType = sourcecode.swift; path = UIViewControllerProxy.swift; sourceTree = "<group>"; };
		9E70DE6027095CE3006791F5 /* ModalPresentationStyle.swift */ = {isa = PBXFileReference; fileEncoding = 4; lastKnownFileType = sourcecode.swift; path = ModalPresentationStyle.swift; sourceTree = "<group>"; };
		9E70DE6127095CE3006791F5 /* SheetHostingController.swift */ = {isa = PBXFileReference; fileEncoding = 4; lastKnownFileType = sourcecode.swift; path = SheetHostingController.swift; sourceTree = "<group>"; };
		9E70DE6227095CE3006791F5 /* SheetPresenterController.swift */ = {isa = PBXFileReference; fileEncoding = 4; lastKnownFileType = sourcecode.swift; path = SheetPresenterController.swift; sourceTree = "<group>"; };
		9E70DE6327095CE3006791F5 /* AdaptiveDelegate.swift */ = {isa = PBXFileReference; fileEncoding = 4; lastKnownFileType = sourcecode.swift; path = AdaptiveDelegate.swift; sourceTree = "<group>"; };
		9E70DE6E27098B2F006791F5 /* SheeTestCase.swift */ = {isa = PBXFileReference; lastKnownFileType = sourcecode.swift; path = SheeTestCase.swift; sourceTree = "<group>"; };
		9E70DE7027099C8C006791F5 /* README.md */ = {isa = PBXFileReference; lastKnownFileType = net.daringfireball.markdown; path = README.md; sourceTree = "<group>"; };
		9ED1C94B2707E14800EB5051 /* InitialPresentationPropertiesView.swift */ = {isa = PBXFileReference; fileEncoding = 4; lastKnownFileType = sourcecode.swift; path = InitialPresentationPropertiesView.swift; sourceTree = "<group>"; };
		9ED1C94C2707E14800EB5051 /* SheetContentView.swift */ = {isa = PBXFileReference; fileEncoding = 4; lastKnownFileType = sourcecode.swift; path = SheetContentView.swift; sourceTree = "<group>"; };
		9ED1C94D2707E14800EB5051 /* Assets.xcassets */ = {isa = PBXFileReference; lastKnownFileType = folder.assetcatalog; path = Assets.xcassets; sourceTree = "<group>"; };
		9ED1C94E2707E14800EB5051 /* RootView.swift */ = {isa = PBXFileReference; fileEncoding = 4; lastKnownFileType = sourcecode.swift; path = RootView.swift; sourceTree = "<group>"; };
		9ED1C9502707E14800EB5051 /* Preview Assets.xcassets */ = {isa = PBXFileReference; lastKnownFileType = folder.assetcatalog; path = "Preview Assets.xcassets"; sourceTree = "<group>"; };
		9ED1C9512707E14800EB5051 /* Extensions.swift */ = {isa = PBXFileReference; fileEncoding = 4; lastKnownFileType = sourcecode.swift; path = Extensions.swift; sourceTree = "<group>"; };
		9ED1C9522707E14800EB5051 /* UpdatablePresentationPropertiesView.swift */ = {isa = PBXFileReference; fileEncoding = 4; lastKnownFileType = sourcecode.swift; path = UpdatablePresentationPropertiesView.swift; sourceTree = "<group>"; };
		9ED1C9532707E14800EB5051 /* PreferredContentSizeView.swift */ = {isa = PBXFileReference; fileEncoding = 4; lastKnownFileType = sourcecode.swift; path = PreferredContentSizeView.swift; sourceTree = "<group>"; };
		9ED1C9542707E14800EB5051 /* Theme.swift */ = {isa = PBXFileReference; fileEncoding = 4; lastKnownFileType = sourcecode.swift; path = Theme.swift; sourceTree = "<group>"; };
		9ED1C9552707E14800EB5051 /* SheeKitDemoApp.swift */ = {isa = PBXFileReference; fileEncoding = 4; lastKnownFileType = sourcecode.swift; path = SheeKitDemoApp.swift; sourceTree = "<group>"; };
		9ED1C9852708056600EB5051 /* Utils.swift */ = {isa = PBXFileReference; fileEncoding = 4; lastKnownFileType = sourcecode.swift; path = Utils.swift; sourceTree = "<group>"; };
		9ED1C9882708057B00EB5051 /* Assets.xcassets */ = {isa = PBXFileReference; lastKnownFileType = folder.assetcatalog; path = Assets.xcassets; sourceTree = "<group>"; };
		9ED1C98A2708057B00EB5051 /* Preview Assets.xcassets */ = {isa = PBXFileReference; lastKnownFileType = folder.assetcatalog; path = "Preview Assets.xcassets"; sourceTree = "<group>"; };
		9ED1C98B2708057B00EB5051 /* CustomSheetTestsHostApp.swift */ = {isa = PBXFileReference; fileEncoding = 4; lastKnownFileType = sourcecode.swift; path = CustomSheetTestsHostApp.swift; sourceTree = "<group>"; };
		9ED1C98F2708099700EB5051 /* SheeKitDemo.entitlements */ = {isa = PBXFileReference; lastKnownFileType = text.plist.entitlements; path = SheeKitDemo.entitlements; sourceTree = "<group>"; };
/* End PBXFileReference section */

/* Begin PBXFrameworksBuildPhase section */
		9E30B3A4270395E9009F4C51 /* Frameworks */ = {
			isa = PBXFrameworksBuildPhase;
			buildActionMask = 2147483647;
			files = (
				9E70DE5427095CC2006791F5 /* SheeKit.framework in Frameworks */,
			);
			runOnlyForDeploymentPostprocessing = 0;
		};
		9E30B3B627039602009F4C51 /* Frameworks */ = {
			isa = PBXFrameworksBuildPhase;
			buildActionMask = 2147483647;
			files = (
				9E70DE712709A05A006791F5 /* SheeKit.framework in Frameworks */,
			);
			runOnlyForDeploymentPostprocessing = 0;
		};
		9E30B3C82703961A009F4C51 /* Frameworks */ = {
			isa = PBXFrameworksBuildPhase;
			buildActionMask = 2147483647;
			files = (
			);
			runOnlyForDeploymentPostprocessing = 0;
		};
		9E70DE4927095CC2006791F5 /* Frameworks */ = {
			isa = PBXFrameworksBuildPhase;
			buildActionMask = 2147483647;
			files = (
			);
			runOnlyForDeploymentPostprocessing = 0;
		};
/* End PBXFrameworksBuildPhase section */

/* Begin PBXGroup section */
		9E30B3782703958B009F4C51 = {
			isa = PBXGroup;
			children = (
				9E70DE7027099C8C006791F5 /* README.md */,
				9ED1C98F2708099700EB5051 /* SheeKitDemo.entitlements */,
				9E30B3E3270406FF009F4C51 /* Sources */,
				9E30B3CC2703961A009F4C51 /* Tests */,
				9E30B3822703958B009F4C51 /* Products */,
				9E30B3DB27040402009F4C51 /* Frameworks */,
			);
			sourceTree = "<group>";
		};
		9E30B3822703958B009F4C51 /* Products */ = {
			isa = PBXGroup;
			children = (
				9E30B3A7270395E9009F4C51 /* SheeKitDemo.app */,
				9E30B3B927039602009F4C51 /* SheeKitTestsHost.app */,
				9E30B3CB2703961A009F4C51 /* SheeKitTests.xctest */,
				9E70DE4C27095CC2006791F5 /* SheeKit.framework */,
			);
			name = Products;
			sourceTree = "<group>";
		};
		9E30B3CC2703961A009F4C51 /* Tests */ = {
			isa = PBXGroup;
			children = (
				9ED1C9872708057B00EB5051 /* TestsHost */,
				9ED1C9842708056600EB5051 /* UnitTestsWithHost */,
			);
			path = Tests;
			sourceTree = "<group>";
		};
		9E30B3DB27040402009F4C51 /* Frameworks */ = {
			isa = PBXGroup;
			children = (
			);
			name = Frameworks;
			sourceTree = "<group>";
		};
		9E30B3E3270406FF009F4C51 /* Sources */ = {
			isa = PBXGroup;
			children = (
				9E70DE5927095CE3006791F5 /* SheeKit */,
				9ED1C94A2707E14800EB5051 /* SheeKitDemo */,
			);
			path = Sources;
			sourceTree = "<group>";
		};
		9E70DE5927095CE3006791F5 /* SheeKit */ = {
			isa = PBXGroup;
			children = (
				9E70DE5A27095CE3006791F5 /* SheeKit.h */,
				9E70DE5B27095CE3006791F5 /* SheetModifier.swift */,
				9E70DE5C27095CE3006791F5 /* SheeKit.docc */,
				9E70DE5D27095CE3006791F5 /* Extensions.swift */,
				9E70DE5E27095CE3006791F5 /* SheetProperties.swift */,
				9E70DE5F27095CE3006791F5 /* UIViewControllerProxy.swift */,
				9E70DE6027095CE3006791F5 /* ModalPresentationStyle.swift */,
				9E70DE6127095CE3006791F5 /* SheetHostingController.swift */,
				9E70DE6227095CE3006791F5 /* SheetPresenterController.swift */,
				9E70DE6327095CE3006791F5 /* AdaptiveDelegate.swift */,
			);
			path = SheeKit;
			sourceTree = "<group>";
		};
		9ED1C94A2707E14800EB5051 /* SheeKitDemo */ = {
			isa = PBXGroup;
			children = (
				9ED1C94D2707E14800EB5051 /* Assets.xcassets */,
				9ED1C9552707E14800EB5051 /* SheeKitDemoApp.swift */,
				9ED1C9512707E14800EB5051 /* Extensions.swift */,
				9ED1C94B2707E14800EB5051 /* InitialPresentationPropertiesView.swift */,
				9ED1C94E2707E14800EB5051 /* RootView.swift */,
				9ED1C9532707E14800EB5051 /* PreferredContentSizeView.swift */,
				9ED1C94F2707E14800EB5051 /* Preview Content */,
				9ED1C94C2707E14800EB5051 /* SheetContentView.swift */,
				9ED1C9542707E14800EB5051 /* Theme.swift */,
				9ED1C9522707E14800EB5051 /* UpdatablePresentationPropertiesView.swift */,
			);
			path = SheeKitDemo;
			sourceTree = "<group>";
		};
		9ED1C94F2707E14800EB5051 /* Preview Content */ = {
			isa = PBXGroup;
			children = (
				9ED1C9502707E14800EB5051 /* Preview Assets.xcassets */,
			);
			path = "Preview Content";
			sourceTree = "<group>";
		};
		9ED1C9842708056600EB5051 /* UnitTestsWithHost */ = {
			isa = PBXGroup;
			children = (
				9ED1C9852708056600EB5051 /* Utils.swift */,
				9E70DE6E27098B2F006791F5 /* SheeTestCase.swift */,
			);
			path = UnitTestsWithHost;
			sourceTree = "<group>";
		};
		9ED1C9872708057B00EB5051 /* TestsHost */ = {
			isa = PBXGroup;
			children = (
				9ED1C9882708057B00EB5051 /* Assets.xcassets */,
				9ED1C9892708057B00EB5051 /* Preview Content */,
				9ED1C98B2708057B00EB5051 /* CustomSheetTestsHostApp.swift */,
			);
			path = TestsHost;
			sourceTree = "<group>";
		};
		9ED1C9892708057B00EB5051 /* Preview Content */ = {
			isa = PBXGroup;
			children = (
				9ED1C98A2708057B00EB5051 /* Preview Assets.xcassets */,
			);
			path = "Preview Content";
			sourceTree = "<group>";
		};
/* End PBXGroup section */

/* Begin PBXHeadersBuildPhase section */
		9E70DE4727095CC2006791F5 /* Headers */ = {
			isa = PBXHeadersBuildPhase;
			buildActionMask = 2147483647;
			files = (
				9E70DE6427095CE3006791F5 /* SheeKit.h in Headers */,
			);
			runOnlyForDeploymentPostprocessing = 0;
		};
/* End PBXHeadersBuildPhase section */

/* Begin PBXNativeTarget section */
		9E30B3A6270395E9009F4C51 /* SheeKitDemo */ = {
			isa = PBXNativeTarget;
			buildConfigurationList = 9E30B3B2270395EA009F4C51 /* Build configuration list for PBXNativeTarget "SheeKitDemo" */;
			buildPhases = (
				9E30B3A3270395E9009F4C51 /* Sources */,
				9E30B3A4270395E9009F4C51 /* Frameworks */,
				9E30B3A5270395E9009F4C51 /* Resources */,
				9E30B3EB270406FF009F4C51 /* Embed Frameworks */,
			);
			buildRules = (
			);
			dependencies = (
				9E70DE5327095CC2006791F5 /* PBXTargetDependency */,
			);
			name = SheeKitDemo;
			packageProductDependencies = (
			);
			productName = CustomSheetDemo;
			productReference = 9E30B3A7270395E9009F4C51 /* SheeKitDemo.app */;
			productType = "com.apple.product-type.application";
		};
		9E30B3B827039602009F4C51 /* SheeKitTestsHost */ = {
			isa = PBXNativeTarget;
			buildConfigurationList = 9E30B3C427039603009F4C51 /* Build configuration list for PBXNativeTarget "SheeKitTestsHost" */;
			buildPhases = (
				9E30B3B527039602009F4C51 /* Sources */,
				9E30B3B627039602009F4C51 /* Frameworks */,
				9E30B3B727039602009F4C51 /* Resources */,
				9E30B3FA27040801009F4C51 /* Embed Frameworks */,
			);
			buildRules = (
			);
			dependencies = (
				9E70DE742709A05A006791F5 /* PBXTargetDependency */,
			);
			name = SheeKitTestsHost;
			packageProductDependencies = (
			);
			productName = CustomSheetTestsHost;
			productReference = 9E30B3B927039602009F4C51 /* SheeKitTestsHost.app */;
			productType = "com.apple.product-type.application";
		};
		9E30B3CA2703961A009F4C51 /* SheeKitTests */ = {
			isa = PBXNativeTarget;
			buildConfigurationList = 9E30B3D22703961A009F4C51 /* Build configuration list for PBXNativeTarget "SheeKitTests" */;
			buildPhases = (
				9E30B3C72703961A009F4C51 /* Sources */,
				9E30B3C82703961A009F4C51 /* Frameworks */,
				9E30B3C92703961A009F4C51 /* Resources */,
			);
			buildRules = (
			);
			dependencies = (
				9E30B3F5270407F5009F4C51 /* PBXTargetDependency */,
			);
			name = SheeKitTests;
			packageProductDependencies = (
			);
			productName = CustomSheetTests;
			productReference = 9E30B3CB2703961A009F4C51 /* SheeKitTests.xctest */;
			productType = "com.apple.product-type.bundle.unit-test";
		};
		9E70DE4B27095CC2006791F5 /* SheeKit */ = {
			isa = PBXNativeTarget;
			buildConfigurationList = 9E70DE5627095CC2006791F5 /* Build configuration list for PBXNativeTarget "SheeKit" */;
			buildPhases = (
				9E70DE4727095CC2006791F5 /* Headers */,
				9E70DE4827095CC2006791F5 /* Sources */,
				9E70DE4927095CC2006791F5 /* Frameworks */,
				9E70DE4A27095CC2006791F5 /* Resources */,
			);
			buildRules = (
			);
			dependencies = (
			);
			name = SheeKit;
			productName = SheeKit;
			productReference = 9E70DE4C27095CC2006791F5 /* SheeKit.framework */;
			productType = "com.apple.product-type.framework";
		};
/* End PBXNativeTarget section */

/* Begin PBXProject section */
		9E30B3792703958B009F4C51 /* Project object */ = {
			isa = PBXProject;
			attributes = {
				BuildIndependentTargetsInParallel = 1;
				LastSwiftUpdateCheck = 1300;
				LastUpgradeCheck = 1300;
				TargetAttributes = {
					9E30B3A6270395E9009F4C51 = {
						CreatedOnToolsVersion = 13.0;
					};
					9E30B3B827039602009F4C51 = {
						CreatedOnToolsVersion = 13.0;
					};
					9E30B3CA2703961A009F4C51 = {
						CreatedOnToolsVersion = 13.0;
						TestTargetID = 9E30B3B827039602009F4C51;
					};
					9E70DE4B27095CC2006791F5 = {
						CreatedOnToolsVersion = 13.0;
					};
				};
			};
			buildConfigurationList = 9E30B37C2703958B009F4C51 /* Build configuration list for PBXProject "SheeKit" */;
			compatibilityVersion = "Xcode 13.0";
			developmentRegion = en;
			hasScannedForEncodings = 0;
			knownRegions = (
				en,
				Base,
			);
			mainGroup = 9E30B3782703958B009F4C51;
			packageReferences = (
			);
			productRefGroup = 9E30B3822703958B009F4C51 /* Products */;
			projectDirPath = "";
			projectRoot = "";
			targets = (
				9E30B3A6270395E9009F4C51 /* SheeKitDemo */,
				9E30B3B827039602009F4C51 /* SheeKitTestsHost */,
				9E30B3CA2703961A009F4C51 /* SheeKitTests */,
				9E70DE4B27095CC2006791F5 /* SheeKit */,
			);
		};
/* End PBXProject section */

/* Begin PBXResourcesBuildPhase section */
		9E30B3A5270395E9009F4C51 /* Resources */ = {
			isa = PBXResourcesBuildPhase;
			buildActionMask = 2147483647;
			files = (
				9ED1C97E2707E15900EB5051 /* Preview Assets.xcassets in Resources */,
				9ED1C9782707E15300EB5051 /* Assets.xcassets in Resources */,
			);
			runOnlyForDeploymentPostprocessing = 0;
		};
		9E30B3B727039602009F4C51 /* Resources */ = {
			isa = PBXResourcesBuildPhase;
			buildActionMask = 2147483647;
			files = (
				9ED1C98D2708057B00EB5051 /* Preview Assets.xcassets in Resources */,
				9ED1C98C2708057B00EB5051 /* Assets.xcassets in Resources */,
			);
			runOnlyForDeploymentPostprocessing = 0;
		};
		9E30B3C92703961A009F4C51 /* Resources */ = {
			isa = PBXResourcesBuildPhase;
			buildActionMask = 2147483647;
			files = (
			);
			runOnlyForDeploymentPostprocessing = 0;
		};
		9E70DE4A27095CC2006791F5 /* Resources */ = {
			isa = PBXResourcesBuildPhase;
			buildActionMask = 2147483647;
			files = (
			);
			runOnlyForDeploymentPostprocessing = 0;
		};
/* End PBXResourcesBuildPhase section */

/* Begin PBXSourcesBuildPhase section */
		9E30B3A3270395E9009F4C51 /* Sources */ = {
			isa = PBXSourcesBuildPhase;
			buildActionMask = 2147483647;
			files = (
				9ED1C97D2707E15300EB5051 /* SheetContentView.swift in Sources */,
				9ED1C9792707E15300EB5051 /* RootView.swift in Sources */,
				9ED1C9762707E15300EB5051 /* UpdatablePresentationPropertiesView.swift in Sources */,
				9ED1C97C2707E15300EB5051 /* SheeKitDemoApp.swift in Sources */,
				9ED1C97A2707E15300EB5051 /* Theme.swift in Sources */,
				9ED1C9772707E15300EB5051 /* InitialPresentationPropertiesView.swift in Sources */,
				9ED1C9752707E15300EB5051 /* Extensions.swift in Sources */,
				9ED1C97B2707E15300EB5051 /* PreferredContentSizeView.swift in Sources */,
			);
			runOnlyForDeploymentPostprocessing = 0;
		};
		9E30B3B527039602009F4C51 /* Sources */ = {
			isa = PBXSourcesBuildPhase;
			buildActionMask = 2147483647;
			files = (
				9ED1C98E2708057B00EB5051 /* CustomSheetTestsHostApp.swift in Sources */,
			);
			runOnlyForDeploymentPostprocessing = 0;
		};
		9E30B3C72703961A009F4C51 /* Sources */ = {
			isa = PBXSourcesBuildPhase;
			buildActionMask = 2147483647;
			files = (
				9E70DE6F27098B2F006791F5 /* SheeTestCase.swift in Sources */,
				9ED1C9862708056600EB5051 /* Utils.swift in Sources */,
			);
			runOnlyForDeploymentPostprocessing = 0;
		};
		9E70DE4827095CC2006791F5 /* Sources */ = {
			isa = PBXSourcesBuildPhase;
			buildActionMask = 2147483647;
			files = (
				9E70DE6627095CE3006791F5 /* SheeKit.docc in Sources */,
				9E70DE6927095CE3006791F5 /* UIViewControllerProxy.swift in Sources */,
				9E70DE6B27095CE3006791F5 /* SheetHostingController.swift in Sources */,
				9E70DE6727095CE3006791F5 /* Extensions.swift in Sources */,
				9E70DE6A27095CE3006791F5 /* ModalPresentationStyle.swift in Sources */,
				9E70DE6827095CE3006791F5 /* SheetProperties.swift in Sources */,
				9E70DE6C27095CE3006791F5 /* SheetPresenterController.swift in Sources */,
				9E70DE6D27095CE3006791F5 /* AdaptiveDelegate.swift in Sources */,
				9E70DE6527095CE3006791F5 /* SheetModifier.swift in Sources */,
			);
			runOnlyForDeploymentPostprocessing = 0;
		};
/* End PBXSourcesBuildPhase section */

/* Begin PBXTargetDependency section */
		9E30B3F5270407F5009F4C51 /* PBXTargetDependency */ = {
			isa = PBXTargetDependency;
			target = 9E30B3B827039602009F4C51 /* SheeKitTestsHost */;
			targetProxy = 9E30B3F4270407F5009F4C51 /* PBXContainerItemProxy */;
		};
		9E70DE5327095CC2006791F5 /* PBXTargetDependency */ = {
			isa = PBXTargetDependency;
			target = 9E70DE4B27095CC2006791F5 /* SheeKit */;
			targetProxy = 9E70DE5227095CC2006791F5 /* PBXContainerItemProxy */;
		};
		9E70DE742709A05A006791F5 /* PBXTargetDependency */ = {
			isa = PBXTargetDependency;
			target = 9E70DE4B27095CC2006791F5 /* SheeKit */;
			targetProxy = 9E70DE732709A05A006791F5 /* PBXContainerItemProxy */;
		};
/* End PBXTargetDependency section */

/* Begin XCBuildConfiguration section */
		9E30B3862703958B009F4C51 /* Debug */ = {
			isa = XCBuildConfiguration;
			buildSettings = {
				ALWAYS_SEARCH_USER_PATHS = NO;
				CLANG_ANALYZER_NONNULL = YES;
				CLANG_ANALYZER_NUMBER_OBJECT_CONVERSION = YES_AGGRESSIVE;
				CLANG_CXX_LANGUAGE_STANDARD = "gnu++17";
				CLANG_CXX_LIBRARY = "libc++";
				CLANG_ENABLE_MODULES = YES;
				CLANG_ENABLE_OBJC_ARC = YES;
				CLANG_ENABLE_OBJC_WEAK = YES;
				CLANG_WARN_BLOCK_CAPTURE_AUTORELEASING = YES;
				CLANG_WARN_BOOL_CONVERSION = YES;
				CLANG_WARN_COMMA = YES;
				CLANG_WARN_CONSTANT_CONVERSION = YES;
				CLANG_WARN_DEPRECATED_OBJC_IMPLEMENTATIONS = YES;
				CLANG_WARN_DIRECT_OBJC_ISA_USAGE = YES_ERROR;
				CLANG_WARN_DOCUMENTATION_COMMENTS = YES;
				CLANG_WARN_EMPTY_BODY = YES;
				CLANG_WARN_ENUM_CONVERSION = YES;
				CLANG_WARN_INFINITE_RECURSION = YES;
				CLANG_WARN_INT_CONVERSION = YES;
				CLANG_WARN_NON_LITERAL_NULL_CONVERSION = YES;
				CLANG_WARN_OBJC_IMPLICIT_RETAIN_SELF = YES;
				CLANG_WARN_OBJC_LITERAL_CONVERSION = YES;
				CLANG_WARN_OBJC_ROOT_CLASS = YES_ERROR;
				CLANG_WARN_QUOTED_INCLUDE_IN_FRAMEWORK_HEADER = YES;
				CLANG_WARN_RANGE_LOOP_ANALYSIS = YES;
				CLANG_WARN_STRICT_PROTOTYPES = YES;
				CLANG_WARN_SUSPICIOUS_MOVE = YES;
				CLANG_WARN_UNGUARDED_AVAILABILITY = YES_AGGRESSIVE;
				CLANG_WARN_UNREACHABLE_CODE = YES;
				CLANG_WARN__DUPLICATE_METHOD_MATCH = YES;
				COPY_PHASE_STRIP = NO;
				DEBUG_INFORMATION_FORMAT = dwarf;
				ENABLE_STRICT_OBJC_MSGSEND = YES;
				ENABLE_TESTABILITY = YES;
				GCC_C_LANGUAGE_STANDARD = gnu11;
				GCC_DYNAMIC_NO_PIC = NO;
				GCC_NO_COMMON_BLOCKS = YES;
				GCC_OPTIMIZATION_LEVEL = 0;
				GCC_PREPROCESSOR_DEFINITIONS = (
					"DEBUG=1",
					"$(inherited)",
				);
				GCC_WARN_64_TO_32_BIT_CONVERSION = YES;
				GCC_WARN_ABOUT_RETURN_TYPE = YES_ERROR;
				GCC_WARN_UNDECLARED_SELECTOR = YES;
				GCC_WARN_UNINITIALIZED_AUTOS = YES_AGGRESSIVE;
				GCC_WARN_UNUSED_FUNCTION = YES;
				GCC_WARN_UNUSED_VARIABLE = YES;
				IPHONEOS_DEPLOYMENT_TARGET = 15.0;
				MTL_ENABLE_DEBUG_INFO = INCLUDE_SOURCE;
				MTL_FAST_MATH = YES;
				ONLY_ACTIVE_ARCH = YES;
				SDKROOT = iphoneos;
				SWIFT_ACTIVE_COMPILATION_CONDITIONS = DEBUG;
				SWIFT_OPTIMIZATION_LEVEL = "-Onone";
			};
			name = Debug;
		};
		9E30B3872703958B009F4C51 /* Release */ = {
			isa = XCBuildConfiguration;
			buildSettings = {
				ALWAYS_SEARCH_USER_PATHS = NO;
				CLANG_ANALYZER_NONNULL = YES;
				CLANG_ANALYZER_NUMBER_OBJECT_CONVERSION = YES_AGGRESSIVE;
				CLANG_CXX_LANGUAGE_STANDARD = "gnu++17";
				CLANG_CXX_LIBRARY = "libc++";
				CLANG_ENABLE_MODULES = YES;
				CLANG_ENABLE_OBJC_ARC = YES;
				CLANG_ENABLE_OBJC_WEAK = YES;
				CLANG_WARN_BLOCK_CAPTURE_AUTORELEASING = YES;
				CLANG_WARN_BOOL_CONVERSION = YES;
				CLANG_WARN_COMMA = YES;
				CLANG_WARN_CONSTANT_CONVERSION = YES;
				CLANG_WARN_DEPRECATED_OBJC_IMPLEMENTATIONS = YES;
				CLANG_WARN_DIRECT_OBJC_ISA_USAGE = YES_ERROR;
				CLANG_WARN_DOCUMENTATION_COMMENTS = YES;
				CLANG_WARN_EMPTY_BODY = YES;
				CLANG_WARN_ENUM_CONVERSION = YES;
				CLANG_WARN_INFINITE_RECURSION = YES;
				CLANG_WARN_INT_CONVERSION = YES;
				CLANG_WARN_NON_LITERAL_NULL_CONVERSION = YES;
				CLANG_WARN_OBJC_IMPLICIT_RETAIN_SELF = YES;
				CLANG_WARN_OBJC_LITERAL_CONVERSION = YES;
				CLANG_WARN_OBJC_ROOT_CLASS = YES_ERROR;
				CLANG_WARN_QUOTED_INCLUDE_IN_FRAMEWORK_HEADER = YES;
				CLANG_WARN_RANGE_LOOP_ANALYSIS = YES;
				CLANG_WARN_STRICT_PROTOTYPES = YES;
				CLANG_WARN_SUSPICIOUS_MOVE = YES;
				CLANG_WARN_UNGUARDED_AVAILABILITY = YES_AGGRESSIVE;
				CLANG_WARN_UNREACHABLE_CODE = YES;
				CLANG_WARN__DUPLICATE_METHOD_MATCH = YES;
				COPY_PHASE_STRIP = NO;
				DEBUG_INFORMATION_FORMAT = "dwarf-with-dsym";
				ENABLE_NS_ASSERTIONS = NO;
				ENABLE_STRICT_OBJC_MSGSEND = YES;
				GCC_C_LANGUAGE_STANDARD = gnu11;
				GCC_NO_COMMON_BLOCKS = YES;
				GCC_WARN_64_TO_32_BIT_CONVERSION = YES;
				GCC_WARN_ABOUT_RETURN_TYPE = YES_ERROR;
				GCC_WARN_UNDECLARED_SELECTOR = YES;
				GCC_WARN_UNINITIALIZED_AUTOS = YES_AGGRESSIVE;
				GCC_WARN_UNUSED_FUNCTION = YES;
				GCC_WARN_UNUSED_VARIABLE = YES;
				IPHONEOS_DEPLOYMENT_TARGET = 15.0;
				MTL_ENABLE_DEBUG_INFO = NO;
				MTL_FAST_MATH = YES;
				SDKROOT = iphoneos;
				SWIFT_COMPILATION_MODE = wholemodule;
				SWIFT_OPTIMIZATION_LEVEL = "-O";
				VALIDATE_PRODUCT = YES;
			};
			name = Release;
		};
		9E30B3B3270395EA009F4C51 /* Debug */ = {
			isa = XCBuildConfiguration;
			buildSettings = {
				ALWAYS_EMBED_SWIFT_STANDARD_LIBRARIES = YES;
				ASSETCATALOG_COMPILER_APPICON_NAME = AppIcon;
				ASSETCATALOG_COMPILER_GLOBAL_ACCENT_COLOR_NAME = AccentColor;
				CODE_SIGN_ENTITLEMENTS = SheeKitDemo.entitlements;
				CODE_SIGN_STYLE = Automatic;
				CURRENT_PROJECT_VERSION = 1;
				DEVELOPMENT_ASSET_PATHS = "\"Sources/SheeKitDemo/Preview Content\"";
				DEVELOPMENT_TEAM = UP8HTB5ZA2;
				ENABLE_PREVIEWS = YES;
				GENERATE_INFOPLIST_FILE = YES;
				INFOPLIST_KEY_UIApplicationSceneManifest_Generation = YES;
				INFOPLIST_KEY_UIApplicationSupportsIndirectInputEvents = YES;
				INFOPLIST_KEY_UILaunchScreen_Generation = YES;
				INFOPLIST_KEY_UISupportedInterfaceOrientations_iPad = "UIInterfaceOrientationPortrait UIInterfaceOrientationPortraitUpsideDown UIInterfaceOrientationLandscapeLeft UIInterfaceOrientationLandscapeRight";
				INFOPLIST_KEY_UISupportedInterfaceOrientations_iPhone = "UIInterfaceOrientationPortrait UIInterfaceOrientationLandscapeLeft UIInterfaceOrientationLandscapeRight";
				IPHONEOS_DEPLOYMENT_TARGET = 13.0;
				LD_RUNPATH_SEARCH_PATHS = (
					"$(inherited)",
					"@executable_path/Frameworks",
				);
				MARKETING_VERSION = 1.0;
				PRODUCT_BUNDLE_IDENTIFIER = com.imaginariumworks.SheeKitDemo;
				PRODUCT_NAME = "$(TARGET_NAME)";
				SUPPORTS_MACCATALYST = YES;
				SWIFT_EMIT_LOC_STRINGS = YES;
				SWIFT_VERSION = 5.0;
				TARGETED_DEVICE_FAMILY = "1,2";
			};
			name = Debug;
		};
		9E30B3B4270395EA009F4C51 /* Release */ = {
			isa = XCBuildConfiguration;
			buildSettings = {
				ALWAYS_EMBED_SWIFT_STANDARD_LIBRARIES = YES;
				ASSETCATALOG_COMPILER_APPICON_NAME = AppIcon;
				ASSETCATALOG_COMPILER_GLOBAL_ACCENT_COLOR_NAME = AccentColor;
				CODE_SIGN_ENTITLEMENTS = SheeKitDemo.entitlements;
				CODE_SIGN_STYLE = Automatic;
				CURRENT_PROJECT_VERSION = 1;
				DEVELOPMENT_ASSET_PATHS = "\"Sources/SheeKitDemo/Preview Content\"";
				DEVELOPMENT_TEAM = UP8HTB5ZA2;
				ENABLE_PREVIEWS = YES;
				GENERATE_INFOPLIST_FILE = YES;
				INFOPLIST_KEY_UIApplicationSceneManifest_Generation = YES;
				INFOPLIST_KEY_UIApplicationSupportsIndirectInputEvents = YES;
				INFOPLIST_KEY_UILaunchScreen_Generation = YES;
				INFOPLIST_KEY_UISupportedInterfaceOrientations_iPad = "UIInterfaceOrientationPortrait UIInterfaceOrientationPortraitUpsideDown UIInterfaceOrientationLandscapeLeft UIInterfaceOrientationLandscapeRight";
				INFOPLIST_KEY_UISupportedInterfaceOrientations_iPhone = "UIInterfaceOrientationPortrait UIInterfaceOrientationLandscapeLeft UIInterfaceOrientationLandscapeRight";
				IPHONEOS_DEPLOYMENT_TARGET = 13.0;
				LD_RUNPATH_SEARCH_PATHS = (
					"$(inherited)",
					"@executable_path/Frameworks",
				);
				MARKETING_VERSION = 1.0;
				PRODUCT_BUNDLE_IDENTIFIER = com.imaginariumworks.SheeKitDemo;
				PRODUCT_NAME = "$(TARGET_NAME)";
				SUPPORTS_MACCATALYST = YES;
				SWIFT_EMIT_LOC_STRINGS = YES;
				SWIFT_VERSION = 5.0;
				TARGETED_DEVICE_FAMILY = "1,2";
			};
			name = Release;
		};
		9E30B3C527039603009F4C51 /* Debug */ = {
			isa = XCBuildConfiguration;
			buildSettings = {
				ASSETCATALOG_COMPILER_APPICON_NAME = AppIcon;
				ASSETCATALOG_COMPILER_GLOBAL_ACCENT_COLOR_NAME = AccentColor;
				CODE_SIGN_STYLE = Automatic;
				CURRENT_PROJECT_VERSION = 1;
				DEVELOPMENT_ASSET_PATHS = "\"Tests/TestsHost/Preview Content\"";
				DEVELOPMENT_TEAM = UP8HTB5ZA2;
				ENABLE_PREVIEWS = YES;
				GENERATE_INFOPLIST_FILE = YES;
				INFOPLIST_KEY_UIApplicationSceneManifest_Generation = YES;
				INFOPLIST_KEY_UIApplicationSupportsIndirectInputEvents = YES;
				INFOPLIST_KEY_UILaunchScreen_Generation = YES;
				INFOPLIST_KEY_UISupportedInterfaceOrientations_iPad = "UIInterfaceOrientationPortrait UIInterfaceOrientationPortraitUpsideDown UIInterfaceOrientationLandscapeLeft UIInterfaceOrientationLandscapeRight";
				INFOPLIST_KEY_UISupportedInterfaceOrientations_iPhone = "UIInterfaceOrientationPortrait UIInterfaceOrientationLandscapeLeft UIInterfaceOrientationLandscapeRight";
				IPHONEOS_DEPLOYMENT_TARGET = 15.0;
				LD_RUNPATH_SEARCH_PATHS = (
					"$(inherited)",
					"@executable_path/Frameworks",
				);
				MARKETING_VERSION = 1.0;
				PRODUCT_BUNDLE_IDENTIFIER = com.imaginariumworks.SheeKitTestsHost;
				PRODUCT_NAME = "$(TARGET_NAME)";
				SWIFT_EMIT_LOC_STRINGS = YES;
				SWIFT_VERSION = 5.0;
				TARGETED_DEVICE_FAMILY = "1,2";
			};
			name = Debug;
		};
		9E30B3C627039603009F4C51 /* Release */ = {
			isa = XCBuildConfiguration;
			buildSettings = {
				ASSETCATALOG_COMPILER_APPICON_NAME = AppIcon;
				ASSETCATALOG_COMPILER_GLOBAL_ACCENT_COLOR_NAME = AccentColor;
				CODE_SIGN_STYLE = Automatic;
				CURRENT_PROJECT_VERSION = 1;
				DEVELOPMENT_ASSET_PATHS = "\"Tests/TestsHost/Preview Content\"";
				DEVELOPMENT_TEAM = UP8HTB5ZA2;
				ENABLE_PREVIEWS = YES;
				GENERATE_INFOPLIST_FILE = YES;
				INFOPLIST_KEY_UIApplicationSceneManifest_Generation = YES;
				INFOPLIST_KEY_UIApplicationSupportsIndirectInputEvents = YES;
				INFOPLIST_KEY_UILaunchScreen_Generation = YES;
				INFOPLIST_KEY_UISupportedInterfaceOrientations_iPad = "UIInterfaceOrientationPortrait UIInterfaceOrientationPortraitUpsideDown UIInterfaceOrientationLandscapeLeft UIInterfaceOrientationLandscapeRight";
				INFOPLIST_KEY_UISupportedInterfaceOrientations_iPhone = "UIInterfaceOrientationPortrait UIInterfaceOrientationLandscapeLeft UIInterfaceOrientationLandscapeRight";
				IPHONEOS_DEPLOYMENT_TARGET = 15.0;
				LD_RUNPATH_SEARCH_PATHS = (
					"$(inherited)",
					"@executable_path/Frameworks",
				);
				MARKETING_VERSION = 1.0;
				PRODUCT_BUNDLE_IDENTIFIER = com.imaginariumworks.SheeKitTestsHost;
				PRODUCT_NAME = "$(TARGET_NAME)";
				SWIFT_EMIT_LOC_STRINGS = YES;
				SWIFT_VERSION = 5.0;
				TARGETED_DEVICE_FAMILY = "1,2";
			};
			name = Release;
		};
		9E30B3D32703961A009F4C51 /* Debug */ = {
			isa = XCBuildConfiguration;
			buildSettings = {
				ALWAYS_EMBED_SWIFT_STANDARD_LIBRARIES = YES;
				BUNDLE_LOADER = "$(TEST_HOST)";
				CODE_SIGN_STYLE = Automatic;
				CURRENT_PROJECT_VERSION = 1;
				DEVELOPMENT_TEAM = UP8HTB5ZA2;
				GENERATE_INFOPLIST_FILE = YES;
				LD_RUNPATH_SEARCH_PATHS = (
					"$(inherited)",
					"@executable_path/Frameworks",
					"@loader_path/Frameworks",
				);
				MARKETING_VERSION = 1.0;
				PRODUCT_BUNDLE_IDENTIFIER = com.imaginariumworks.SheeKitTests;
				PRODUCT_NAME = "$(TARGET_NAME)";
				SWIFT_EMIT_LOC_STRINGS = NO;
				SWIFT_VERSION = 5.0;
				TARGETED_DEVICE_FAMILY = "1,2";
				TEST_HOST = "$(BUILT_PRODUCTS_DIR)/SheeKitTestsHost.app/SheeKitTestsHost";
			};
			name = Debug;
		};
		9E30B3D42703961A009F4C51 /* Release */ = {
			isa = XCBuildConfiguration;
			buildSettings = {
				ALWAYS_EMBED_SWIFT_STANDARD_LIBRARIES = YES;
				BUNDLE_LOADER = "$(TEST_HOST)";
				CODE_SIGN_STYLE = Automatic;
				CURRENT_PROJECT_VERSION = 1;
				DEVELOPMENT_TEAM = UP8HTB5ZA2;
				GENERATE_INFOPLIST_FILE = YES;
				LD_RUNPATH_SEARCH_PATHS = (
					"$(inherited)",
					"@executable_path/Frameworks",
					"@loader_path/Frameworks",
				);
				MARKETING_VERSION = 1.0;
				PRODUCT_BUNDLE_IDENTIFIER = com.imaginariumworks.SheeKitTests;
				PRODUCT_NAME = "$(TARGET_NAME)";
				SWIFT_EMIT_LOC_STRINGS = NO;
				SWIFT_VERSION = 5.0;
				TARGETED_DEVICE_FAMILY = "1,2";
				TEST_HOST = "$(BUILT_PRODUCTS_DIR)/SheeKitTestsHost.app/SheeKitTestsHost";
			};
			name = Release;
		};
		9E70DE5727095CC2006791F5 /* Debug */ = {
			isa = XCBuildConfiguration;
			buildSettings = {
				BUILD_LIBRARY_FOR_DISTRIBUTION = YES;
				CODE_SIGN_STYLE = Automatic;
				CURRENT_PROJECT_VERSION = 1;
				DEFINES_MODULE = YES;
				DEVELOPMENT_TEAM = UP8HTB5ZA2;
				DYLIB_COMPATIBILITY_VERSION = 1;
				DYLIB_CURRENT_VERSION = 1;
				DYLIB_INSTALL_NAME_BASE = "@rpath";
				GENERATE_INFOPLIST_FILE = YES;
				INFOPLIST_KEY_NSHumanReadableCopyright = "";
				INSTALL_PATH = "$(LOCAL_LIBRARY_DIR)/Frameworks";
				IPHONEOS_DEPLOYMENT_TARGET = 13.0;
				LD_RUNPATH_SEARCH_PATHS = (
					"$(inherited)",
					"@executable_path/Frameworks",
					"@loader_path/Frameworks",
				);
				MARKETING_VERSION = 1.0;
				PRODUCT_BUNDLE_IDENTIFIER = com.imaginariumworks.SheeKit;
				PRODUCT_NAME = "$(TARGET_NAME:c99extidentifier)";
				SKIP_INSTALL = YES;
				SWIFT_EMIT_LOC_STRINGS = YES;
				SWIFT_VERSION = 5.0;
				TARGETED_DEVICE_FAMILY = "1,2";
				VERSIONING_SYSTEM = "apple-generic";
				VERSION_INFO_PREFIX = "";
			};
			name = Debug;
		};
		9E70DE5827095CC2006791F5 /* Release */ = {
			isa = XCBuildConfiguration;
			buildSettings = {
				BUILD_LIBRARY_FOR_DISTRIBUTION = YES;
				CODE_SIGN_STYLE = Automatic;
				CURRENT_PROJECT_VERSION = 1;
				DEFINES_MODULE = YES;
				DEVELOPMENT_TEAM = UP8HTB5ZA2;
				DYLIB_COMPATIBILITY_VERSION = 1;
				DYLIB_CURRENT_VERSION = 1;
				DYLIB_INSTALL_NAME_BASE = "@rpath";
				GENERATE_INFOPLIST_FILE = YES;
				INFOPLIST_KEY_NSHumanReadableCopyright = "";
				INSTALL_PATH = "$(LOCAL_LIBRARY_DIR)/Frameworks";
				IPHONEOS_DEPLOYMENT_TARGET = 13.0;
				LD_RUNPATH_SEARCH_PATHS = (
					"$(inherited)",
					"@executable_path/Frameworks",
					"@loader_path/Frameworks",
				);
				MARKETING_VERSION = 1.0;
				PRODUCT_BUNDLE_IDENTIFIER = com.imaginariumworks.SheeKit;
				PRODUCT_NAME = "$(TARGET_NAME:c99extidentifier)";
				SKIP_INSTALL = YES;
				SWIFT_EMIT_LOC_STRINGS = YES;
				SWIFT_VERSION = 5.0;
				TARGETED_DEVICE_FAMILY = "1,2";
				VERSIONING_SYSTEM = "apple-generic";
				VERSION_INFO_PREFIX = "";
			};
			name = Release;
		};
/* End XCBuildConfiguration section */

/* Begin XCConfigurationList section */
		9E30B37C2703958B009F4C51 /* Build configuration list for PBXProject "SheeKit" */ = {
			isa = XCConfigurationList;
			buildConfigurations = (
				9E30B3862703958B009F4C51 /* Debug */,
				9E30B3872703958B009F4C51 /* Release */,
			);
			defaultConfigurationIsVisible = 0;
			defaultConfigurationName = Release;
		};
		9E30B3B2270395EA009F4C51 /* Build configuration list for PBXNativeTarget "SheeKitDemo" */ = {
			isa = XCConfigurationList;
			buildConfigurations = (
				9E30B3B3270395EA009F4C51 /* Debug */,
				9E30B3B4270395EA009F4C51 /* Release */,
			);
			defaultConfigurationIsVisible = 0;
			defaultConfigurationName = Release;
		};
		9E30B3C427039603009F4C51 /* Build configuration list for PBXNativeTarget "SheeKitTestsHost" */ = {
			isa = XCConfigurationList;
			buildConfigurations = (
				9E30B3C527039603009F4C51 /* Debug */,
				9E30B3C627039603009F4C51 /* Release */,
			);
			defaultConfigurationIsVisible = 0;
			defaultConfigurationName = Release;
		};
		9E30B3D22703961A009F4C51 /* Build configuration list for PBXNativeTarget "SheeKitTests" */ = {
			isa = XCConfigurationList;
			buildConfigurations = (
				9E30B3D32703961A009F4C51 /* Debug */,
				9E30B3D42703961A009F4C51 /* Release */,
			);
			defaultConfigurationIsVisible = 0;
			defaultConfigurationName = Release;
		};
		9E70DE5627095CC2006791F5 /* Build configuration list for PBXNativeTarget "SheeKit" */ = {
			isa = XCConfigurationList;
			buildConfigurations = (
				9E70DE5727095CC2006791F5 /* Debug */,
				9E70DE5827095CC2006791F5 /* Release */,
			);
			defaultConfigurationIsVisible = 0;
			defaultConfigurationName = Release;
		};
/* End XCConfigurationList section */
	};
	rootObject = 9E30B3792703958B009F4C51 /* Project object */;
}
